
Microsoft Visual Studio Solution File, Format Version 12.00
# Visual Studio Version 17
VisualStudioVersion = 17.10.35004.147
MinimumVisualStudioVersion = 10.0.40219.1
Project("{FAE04EC0-301F-11D3-BF4B-00C04F79EFBC}") = "SimplSharp.Targets", "SimplSharp.Targets.csproj", "{2BBF248F-9B8B-4DCC-B9A0-10FFD54C0FD3}"
EndProject
Global
	GlobalSection(SolutionConfigurationPlatforms) = preSolution
		Debug|Any CPU = Debug|Any CPU
		Release|Any CPU = Release|Any CPU
	EndGlobalSection
	GlobalSection(ProjectConfigurationPlatforms) = postSolution
		{2BBF248F-9B8B-4DCC-B9A0-10FFD54C0FD3}.Debug|Any CPU.ActiveCfg = Debug|Any CPU
		{2BBF248F-9B8B-4DCC-B9A0-10FFD54C0FD3}.Debug|Any CPU.Build.0 = Debug|Any CPU
		{2BBF248F-9B8B-4DCC-B9A0-10FFD54C0FD3}.Release|Any CPU.ActiveCfg = Release|Any CPU
		{2BBF248F-9B8B-4DCC-B9A0-10FFD54C0FD3}.Release|Any CPU.Build.0 = Release|Any CPU
	EndGlobalSection
	GlobalSection(SolutionProperties) = preSolution
		HideSolutionNode = FALSE
	EndGlobalSection
	GlobalSection(ExtensibilityGlobals) = postSolution
		SolutionGuid = {64F92463-70FE-4CDD-8B58-FF9B32A0452D}
	EndGlobalSection
EndGlobal
