
Microsoft Visual Studio Solution File, Format Version 12.00
# Visual Studio Version 17
VisualStudioVersion = 17.10.35004.147
MinimumVisualStudioVersion = 10.0.40219.1
Project("{9A19103F-16F7-4668-BE54-9A1E7A4F7556}") = "SimplSharp.Library.Targets", "SimplSharp.Library.Targets\SimplSharp.Library.Targets.csproj", "{2BBF248F-9B8B-4DCC-B9A0-10FFD54C0FD3}"
EndProject
Project("{9A19103F-16F7-4668-BE54-9A1E7A4F7556}") = "SimplSharp.Tool", "SimplSharp.Tool\SimplSharp.Tool.csproj", "{E77030BF-A3FD-4763-A407-60C652531E50}"
EndProject
Project("{2150E333-8FDC-42A3-9474-1A3956D46DE8}") = "source", "source", "{B65F950E-32F9-42F5-BDEE-746766B0F104}"
EndProject
Project("{9A19103F-16F7-4668-BE54-9A1E7A4F7556}") = "SimplSharp.Program", "..\tests\SimplSharp.Program\SimplSharp.Program.csproj", "{A51E97FB-7070-4CEA-97EF-A7AA3E33AAEE}"
EndProject
Project("{2150E333-8FDC-42A3-9474-1A3956D46DE8}") = "tests", "tests", "{CAC12CC3-5310-4450-9406-4731559BEC22}"
EndProject
Project("{9A19103F-16F7-4668-BE54-9A1E7A4F7556}") = "SimplSharp.Tool.Tests", "..\tests\SimplSharp.Tool.Tests\SimplSharp.Tool.Tests.csproj", "{BF41CEFE-054E-4B11-9170-A09079B2E763}"
EndProject
Project("{2150E333-8FDC-42A3-9474-1A3956D46DE8}") = ".sln", ".sln", "{D746568C-4A37-42FD-A8B1-5CF267E72F2E}"
	ProjectSection(SolutionItems) = preProject
		..\.gitignore = ..\.gitignore
		..\.github\workflows\dotnet-beta.yml = ..\.github\workflows\dotnet-beta.yml
		..\.github\workflows\dotnet-release.yml = ..\.github\workflows\dotnet-release.yml
		..\.github\workflows\dotnet-test.yml = ..\.github\workflows\dotnet-test.yml
		..\README.md = ..\README.md
	EndProjectSection
EndProject
Project("{2150E333-8FDC-42A3-9474-1A3956D46DE8}") = "example", "example", "{DB484083-BFFB-4BC5-9F29-CDB4C1880F52}"
EndProject
Project("{9A19103F-16F7-4668-BE54-9A1E7A4F7556}") = "SimplSharp.Targets.Clz", "..\example\SimplSharp.Targets.Clz\SimplSharp.Targets.Clz.csproj", "{2B859348-6F01-4D3D-9B4C-6D7C94B6C142}"
EndProject
Project("{9A19103F-16F7-4668-BE54-9A1E7A4F7556}") = "SimplSharp.Library", "..\tests\SimplSharp.Library\SimplSharp.Library.csproj", "{8229BEB4-1631-4625-A2A7-202609D02395}"
EndProject
Project("{9A19103F-16F7-4668-BE54-9A1E7A4F7556}") = "SimplSharp.Program.Targets", "SimplSharp.Program.Targets\SimplSharp.Program.Targets.csproj", "{0AC3E4AE-39F5-488D-A872-725C6A1667FD}"
EndProject
Global
	GlobalSection(SolutionConfigurationPlatforms) = preSolution
		Debug|Any CPU = Debug|Any CPU
		Release|Any CPU = Release|Any CPU
	EndGlobalSection
	GlobalSection(ProjectConfigurationPlatforms) = postSolution
		{2BBF248F-9B8B-4DCC-B9A0-10FFD54C0FD3}.Debug|Any CPU.ActiveCfg = Debug|Any CPU
		{2BBF248F-9B8B-4DCC-B9A0-10FFD54C0FD3}.Debug|Any CPU.Build.0 = Debug|Any CPU
		{2BBF248F-9B8B-4DCC-B9A0-10FFD54C0FD3}.Release|Any CPU.ActiveCfg = Release|Any CPU
		{2BBF248F-9B8B-4DCC-B9A0-10FFD54C0FD3}.Release|Any CPU.Build.0 = Release|Any CPU
		{E77030BF-A3FD-4763-A407-60C652531E50}.Debug|Any CPU.ActiveCfg = Debug|Any CPU
		{E77030BF-A3FD-4763-A407-60C652531E50}.Debug|Any CPU.Build.0 = Debug|Any CPU
		{E77030BF-A3FD-4763-A407-60C652531E50}.Release|Any CPU.ActiveCfg = Release|Any CPU
		{E77030BF-A3FD-4763-A407-60C652531E50}.Release|Any CPU.Build.0 = Release|Any CPU
		{A51E97FB-7070-4CEA-97EF-A7AA3E33AAEE}.Debug|Any CPU.ActiveCfg = Debug|Any CPU
		{A51E97FB-7070-4CEA-97EF-A7AA3E33AAEE}.Debug|Any CPU.Build.0 = Debug|Any CPU
		{A51E97FB-7070-4CEA-97EF-A7AA3E33AAEE}.Release|Any CPU.ActiveCfg = Release|Any CPU
		{A51E97FB-7070-4CEA-97EF-A7AA3E33AAEE}.Release|Any CPU.Build.0 = Release|Any CPU
		{BF41CEFE-054E-4B11-9170-A09079B2E763}.Debug|Any CPU.ActiveCfg = Debug|Any CPU
		{BF41CEFE-054E-4B11-9170-A09079B2E763}.Debug|Any CPU.Build.0 = Debug|Any CPU
		{BF41CEFE-054E-4B11-9170-A09079B2E763}.Release|Any CPU.ActiveCfg = Release|Any CPU
		{BF41CEFE-054E-4B11-9170-A09079B2E763}.Release|Any CPU.Build.0 = Release|Any CPU
		{2B859348-6F01-4D3D-9B4C-6D7C94B6C142}.Debug|Any CPU.ActiveCfg = Debug|Any CPU
		{2B859348-6F01-4D3D-9B4C-6D7C94B6C142}.Release|Any CPU.ActiveCfg = Release|Any CPU
		{8229BEB4-1631-4625-A2A7-202609D02395}.Debug|Any CPU.ActiveCfg = Debug|Any CPU
		{8229BEB4-1631-4625-A2A7-202609D02395}.Debug|Any CPU.Build.0 = Debug|Any CPU
		{8229BEB4-1631-4625-A2A7-202609D02395}.Release|Any CPU.ActiveCfg = Release|Any CPU
		{8229BEB4-1631-4625-A2A7-202609D02395}.Release|Any CPU.Build.0 = Release|Any CPU
		{0AC3E4AE-39F5-488D-A872-725C6A1667FD}.Debug|Any CPU.ActiveCfg = Debug|Any CPU
		{0AC3E4AE-39F5-488D-A872-725C6A1667FD}.Debug|Any CPU.Build.0 = Debug|Any CPU
		{0AC3E4AE-39F5-488D-A872-725C6A1667FD}.Release|Any CPU.ActiveCfg = Release|Any CPU
		{0AC3E4AE-39F5-488D-A872-725C6A1667FD}.Release|Any CPU.Build.0 = Release|Any CPU
	EndGlobalSection
	GlobalSection(SolutionProperties) = preSolution
		HideSolutionNode = FALSE
	EndGlobalSection
	GlobalSection(NestedProjects) = preSolution
		{2BBF248F-9B8B-4DCC-B9A0-10FFD54C0FD3} = {B65F950E-32F9-42F5-BDEE-746766B0F104}
		{E77030BF-A3FD-4763-A407-60C652531E50} = {B65F950E-32F9-42F5-BDEE-746766B0F104}
		{A51E97FB-7070-4CEA-97EF-A7AA3E33AAEE} = {CAC12CC3-5310-4450-9406-4731559BEC22}
		{BF41CEFE-054E-4B11-9170-A09079B2E763} = {CAC12CC3-5310-4450-9406-4731559BEC22}
		{2B859348-6F01-4D3D-9B4C-6D7C94B6C142} = {DB484083-BFFB-4BC5-9F29-CDB4C1880F52}
		{8229BEB4-1631-4625-A2A7-202609D02395} = {CAC12CC3-5310-4450-9406-4731559BEC22}
		{0AC3E4AE-39F5-488D-A872-725C6A1667FD} = {B65F950E-32F9-42F5-BDEE-746766B0F104}
	EndGlobalSection
	GlobalSection(ExtensibilityGlobals) = postSolution
		SolutionGuid = {64F92463-70FE-4CDD-8B58-FF9B32A0452D}
	EndGlobalSection
EndGlobal
